
Microsoft Visual Studio Solution File, Format Version 12.00
# Visual Studio Version 17
VisualStudioVersion = 17.7.34221.43
MinimumVisualStudioVersion = 10.0.40219.1
Project("{888888A0-9F3D-457C-B088-3A5042F75D52}") = "Bundesliga match prediction", "Bundesliga match prediction.pyproj", "{5C01BD49-BBB8-4365-B9B0-760AE409540E}"
EndProject
Global
	GlobalSection(SolutionConfigurationPlatforms) = preSolution
		Debug|Any CPU = Debug|Any CPU
		Release|Any CPU = Release|Any CPU
	EndGlobalSection
	GlobalSection(ProjectConfigurationPlatforms) = postSolution
		{5C01BD49-BBB8-4365-B9B0-760AE409540E}.Debug|Any CPU.ActiveCfg = Debug|Any CPU
		{5C01BD49-BBB8-4365-B9B0-760AE409540E}.Debug|Any CPU.Build.0 = Debug|Any CPU
		{5C01BD49-BBB8-4365-B9B0-760AE409540E}.Release|Any CPU.ActiveCfg = Release|Any CPU
		{5C01BD49-BBB8-4365-B9B0-760AE409540E}.Release|Any CPU.Build.0 = Release|Any CPU
	EndGlobalSection
	GlobalSection(SolutionProperties) = preSolution
		HideSolutionNode = FALSE
	EndGlobalSection
	GlobalSection(ExtensibilityGlobals) = postSolution
		SolutionGuid = {8A63D5B9-2A31-494F-BBE7-BBDC5A18CFD2}
	EndGlobalSection
EndGlobal
